
Microsoft Visual Studio Solution File, Format Version 12.00
# Visual Studio 14
VisualStudioVersion = 14.0.25420.1
MinimumVisualStudioVersion = 10.0.40219.1
Project("{2150E333-8FDC-42A3-9474-1A3956D46DE8}") = "IDCard", "IDCard", "{973EEE5E-2839-4FEF-B16C-2302E902C6F3}"
EndProject
Project("{FAE04EC0-301F-11D3-BF4B-00C04F79EFBC}") = "IDC.Web.UI", "IDCard\IDC.Web.UI\IDC.Web.UI.csproj", "{08585EC4-C389-4B6F-A74B-EA5F4323E712}"
EndProject
Project("{FAE04EC0-301F-11D3-BF4B-00C04F79EFBC}") = "IDC.Business", "IDCard\IDC.Business\IDC.Business.csproj", "{7CFC655D-7BD8-4076-A105-22536BDDA8A8}"
EndProject
Project("{FAE04EC0-301F-11D3-BF4B-00C04F79EFBC}") = "IDC.DataProvider", "IDCard\IDC.DataProvider\IDC.DataProvider.csproj", "{57C5CFE9-59FB-4451-89F2-4DA8AAD2EF2F}"
EndProject
Project("{FAE04EC0-301F-11D3-BF4B-00C04F79EFBC}") = "IDC.DTO", "IDCard\IDC.DTO\IDC.DTO.csproj", "{527A2ECA-E3BE-4E4B-9A0E-62CFFE1B1FE3}"
EndProject
Project("{FAE04EC0-301F-11D3-BF4B-00C04F79EFBC}") = "IDC.ViewModel", "IDCard\IDC.ViewModel\IDC.ViewModel.csproj", "{A3D890D9-AA85-4E66-A253-ECFBFE69DF2F}"
EndProject
Project("{FAE04EC0-301F-11D3-BF4B-00C04F79EFBC}") = "IDC.Base.DTO", "IDCard\IDC.Base.DTO\IDC.Base.DTO.csproj", "{EBA1ECAD-7122-429B-BD43-92B89216581D}"
EndProject
Project("{FAE04EC0-301F-11D3-BF4B-00C04F79EFBC}") = "IDC.ExceptionManager", "IDCard\IDC.ExceptionManager\IDC.ExceptionManager.csproj", "{D3561DB1-5D25-4996-9076-E121C16E2F0C}"
EndProject
Global
	GlobalSection(SolutionConfigurationPlatforms) = preSolution
		Debug|Any CPU = Debug|Any CPU
		Release|Any CPU = Release|Any CPU
	EndGlobalSection
	GlobalSection(ProjectConfigurationPlatforms) = postSolution
		{08585EC4-C389-4B6F-A74B-EA5F4323E712}.Debug|Any CPU.ActiveCfg = Debug|Any CPU
		{08585EC4-C389-4B6F-A74B-EA5F4323E712}.Debug|Any CPU.Build.0 = Debug|Any CPU
		{08585EC4-C389-4B6F-A74B-EA5F4323E712}.Release|Any CPU.ActiveCfg = Release|Any CPU
		{08585EC4-C389-4B6F-A74B-EA5F4323E712}.Release|Any CPU.Build.0 = Release|Any CPU
		{7CFC655D-7BD8-4076-A105-22536BDDA8A8}.Debug|Any CPU.ActiveCfg = Debug|Any CPU
		{7CFC655D-7BD8-4076-A105-22536BDDA8A8}.Debug|Any CPU.Build.0 = Debug|Any CPU
		{7CFC655D-7BD8-4076-A105-22536BDDA8A8}.Release|Any CPU.ActiveCfg = Release|Any CPU
		{7CFC655D-7BD8-4076-A105-22536BDDA8A8}.Release|Any CPU.Build.0 = Release|Any CPU
		{57C5CFE9-59FB-4451-89F2-4DA8AAD2EF2F}.Debug|Any CPU.ActiveCfg = Debug|Any CPU
		{57C5CFE9-59FB-4451-89F2-4DA8AAD2EF2F}.Debug|Any CPU.Build.0 = Debug|Any CPU
		{57C5CFE9-59FB-4451-89F2-4DA8AAD2EF2F}.Release|Any CPU.ActiveCfg = Release|Any CPU
		{57C5CFE9-59FB-4451-89F2-4DA8AAD2EF2F}.Release|Any CPU.Build.0 = Release|Any CPU
		{527A2ECA-E3BE-4E4B-9A0E-62CFFE1B1FE3}.Debug|Any CPU.ActiveCfg = Debug|Any CPU
		{527A2ECA-E3BE-4E4B-9A0E-62CFFE1B1FE3}.Debug|Any CPU.Build.0 = Debug|Any CPU
		{527A2ECA-E3BE-4E4B-9A0E-62CFFE1B1FE3}.Release|Any CPU.ActiveCfg = Release|Any CPU
		{527A2ECA-E3BE-4E4B-9A0E-62CFFE1B1FE3}.Release|Any CPU.Build.0 = Release|Any CPU
		{A3D890D9-AA85-4E66-A253-ECFBFE69DF2F}.Debug|Any CPU.ActiveCfg = Debug|Any CPU
		{A3D890D9-AA85-4E66-A253-ECFBFE69DF2F}.Debug|Any CPU.Build.0 = Debug|Any CPU
		{A3D890D9-AA85-4E66-A253-ECFBFE69DF2F}.Release|Any CPU.ActiveCfg = Release|Any CPU
		{A3D890D9-AA85-4E66-A253-ECFBFE69DF2F}.Release|Any CPU.Build.0 = Release|Any CPU
		{EBA1ECAD-7122-429B-BD43-92B89216581D}.Debug|Any CPU.ActiveCfg = Debug|Any CPU
		{EBA1ECAD-7122-429B-BD43-92B89216581D}.Debug|Any CPU.Build.0 = Debug|Any CPU
		{EBA1ECAD-7122-429B-BD43-92B89216581D}.Release|Any CPU.ActiveCfg = Release|Any CPU
		{EBA1ECAD-7122-429B-BD43-92B89216581D}.Release|Any CPU.Build.0 = Release|Any CPU
		{D3561DB1-5D25-4996-9076-E121C16E2F0C}.Debug|Any CPU.ActiveCfg = Debug|Any CPU
		{D3561DB1-5D25-4996-9076-E121C16E2F0C}.Debug|Any CPU.Build.0 = Debug|Any CPU
		{D3561DB1-5D25-4996-9076-E121C16E2F0C}.Release|Any CPU.ActiveCfg = Release|Any CPU
		{D3561DB1-5D25-4996-9076-E121C16E2F0C}.Release|Any CPU.Build.0 = Release|Any CPU
	EndGlobalSection
	GlobalSection(SolutionProperties) = preSolution
		HideSolutionNode = FALSE
	EndGlobalSection
	GlobalSection(NestedProjects) = preSolution
		{08585EC4-C389-4B6F-A74B-EA5F4323E712} = {973EEE5E-2839-4FEF-B16C-2302E902C6F3}
		{7CFC655D-7BD8-4076-A105-22536BDDA8A8} = {973EEE5E-2839-4FEF-B16C-2302E902C6F3}
		{57C5CFE9-59FB-4451-89F2-4DA8AAD2EF2F} = {973EEE5E-2839-4FEF-B16C-2302E902C6F3}
		{527A2ECA-E3BE-4E4B-9A0E-62CFFE1B1FE3} = {973EEE5E-2839-4FEF-B16C-2302E902C6F3}
		{A3D890D9-AA85-4E66-A253-ECFBFE69DF2F} = {973EEE5E-2839-4FEF-B16C-2302E902C6F3}
		{EBA1ECAD-7122-429B-BD43-92B89216581D} = {973EEE5E-2839-4FEF-B16C-2302E902C6F3}
		{D3561DB1-5D25-4996-9076-E121C16E2F0C} = {973EEE5E-2839-4FEF-B16C-2302E902C6F3}
	EndGlobalSection
EndGlobal
